
Microsoft Visual Studio Solution File, Format Version 12.00
# Visual Studio Version 16
VisualStudioVersion = 16.0.32002.261
MinimumVisualStudioVersion = 10.0.40219.1
Project("{FAE04EC0-301F-11D3-BF4B-00C04F79EFBC}") = "WinUI", "WinUI\WinUI.csproj", "{40DA42D2-8E51-4022-8372-9EA0F2773E05}"
EndProject
Project("{FAE04EC0-301F-11D3-BF4B-00C04F79EFBC}") = "LogicLibrary", "LogicLibrary\LogicLibrary.csproj", "{DC3E5CBC-86F2-46AB-9D14-3CFBA4BB2EFD}"
EndProject
Global
	GlobalSection(SolutionConfigurationPlatforms) = preSolution
		Debug|Any CPU = Debug|Any CPU
		Release|Any CPU = Release|Any CPU
	EndGlobalSection
	GlobalSection(ProjectConfigurationPlatforms) = postSolution
		{40DA42D2-8E51-4022-8372-9EA0F2773E05}.Debug|Any CPU.ActiveCfg = Debug|Any CPU
		{40DA42D2-8E51-4022-8372-9EA0F2773E05}.Debug|Any CPU.Build.0 = Debug|Any CPU
		{40DA42D2-8E51-4022-8372-9EA0F2773E05}.Release|Any CPU.ActiveCfg = Release|Any CPU
		{40DA42D2-8E51-4022-8372-9EA0F2773E05}.Release|Any CPU.Build.0 = Release|Any CPU
		{DC3E5CBC-86F2-46AB-9D14-3CFBA4BB2EFD}.Debug|Any CPU.ActiveCfg = Debug|Any CPU
		{DC3E5CBC-86F2-46AB-9D14-3CFBA4BB2EFD}.Debug|Any CPU.Build.0 = Debug|Any CPU
		{DC3E5CBC-86F2-46AB-9D14-3CFBA4BB2EFD}.Release|Any CPU.ActiveCfg = Release|Any CPU
		{DC3E5CBC-86F2-46AB-9D14-3CFBA4BB2EFD}.Release|Any CPU.Build.0 = Release|Any CPU
	EndGlobalSection
	GlobalSection(SolutionProperties) = preSolution
		HideSolutionNode = FALSE
	EndGlobalSection
	GlobalSection(ExtensibilityGlobals) = postSolution
		SolutionGuid = {48B6987F-E0B1-462F-B656-85549EE1864C}
	EndGlobalSection
EndGlobal
